// !$*UTF8*$!
{
	archiveVersion = 1;
	classes = {
	};
	objectVersion = 56;
	objects = {

/* Begin PBXBuildFile section */
		8137EB9B2AB2E48600F02D16 /* AppDelegate.swift in Sources */ = {isa = PBXBuildFile; fileRef = 8137EB9A2AB2E48600F02D16 /* AppDelegate.swift */; };
		8137EB9D2AB2E48600F02D16 /* SceneDelegate.swift in Sources */ = {isa = PBXBuildFile; fileRef = 8137EB9C2AB2E48600F02D16 /* SceneDelegate.swift */; };
		8137EB9F2AB2E48600F02D16 /* MainViewController.swift in Sources */ = {isa = PBXBuildFile; fileRef = 8137EB9E2AB2E48600F02D16 /* MainViewController.swift */; };
		8137EBA42AB2E48600F02D16 /* Assets.xcassets in Resources */ = {isa = PBXBuildFile; fileRef = 8137EBA32AB2E48600F02D16 /* Assets.xcassets */; };
		8137EBA72AB2E48600F02D16 /* LaunchScreen.storyboard in Resources */ = {isa = PBXBuildFile; fileRef = 8137EBA52AB2E48600F02D16 /* LaunchScreen.storyboard */; };
		8137EBB82AB2E96600F02D16 /* MainViewInput.swift in Sources */ = {isa = PBXBuildFile; fileRef = 8137EBB72AB2E96600F02D16 /* MainViewInput.swift */; };
		8137EBBA2AB2E97700F02D16 /* MainViewOutput.swift in Sources */ = {isa = PBXBuildFile; fileRef = 8137EBB92AB2E97700F02D16 /* MainViewOutput.swift */; };
		8137EBBC2AB2E98800F02D16 /* MainPresenter.swift in Sources */ = {isa = PBXBuildFile; fileRef = 8137EBBB2AB2E98800F02D16 /* MainPresenter.swift */; };
		8137EBBE2AB2E99900F02D16 /* MainModuleInput.swift in Sources */ = {isa = PBXBuildFile; fileRef = 8137EBBD2AB2E99900F02D16 /* MainModuleInput.swift */; };
		8137EBC02AB2E9B000F02D16 /* MainModuleOutput.swift in Sources */ = {isa = PBXBuildFile; fileRef = 8137EBBF2AB2E9B000F02D16 /* MainModuleOutput.swift */; };
		8137EBC22AB2E9C500F02D16 /* MainModuleConfigurator.swift in Sources */ = {isa = PBXBuildFile; fileRef = 8137EBC12AB2E9C500F02D16 /* MainModuleConfigurator.swift */; };
		8137EBC42AB2E9D700F02D16 /* MainRouter.swift in Sources */ = {isa = PBXBuildFile; fileRef = 8137EBC32AB2E9D700F02D16 /* MainRouter.swift */; };
		8137EBC62AB2E9E600F02D16 /* MainRouterInput.swift in Sources */ = {isa = PBXBuildFile; fileRef = 8137EBC52AB2E9E600F02D16 /* MainRouterInput.swift */; };
		8137EBCA2AB2EA2B00F02D16 /* MainPresenterModel.swift in Sources */ = {isa = PBXBuildFile; fileRef = 8137EBC92AB2EA2B00F02D16 /* MainPresenterModel.swift */; };
		81F690BA2AB33902003B79E3 /* PushModuleConfigurator.swift in Sources */ = {isa = PBXBuildFile; fileRef = 81F690B92AB33902003B79E3 /* PushModuleConfigurator.swift */; };
		81F690BC2AB33916003B79E3 /* PushRouterInput.swift in Sources */ = {isa = PBXBuildFile; fileRef = 81F690BB2AB33916003B79E3 /* PushRouterInput.swift */; };
		81F690BE2AB3392D003B79E3 /* PushRouter.swift in Sources */ = {isa = PBXBuildFile; fileRef = 81F690BD2AB3392D003B79E3 /* PushRouter.swift */; };
		81F690C02AB3393F003B79E3 /* PushPresenter.swift in Sources */ = {isa = PBXBuildFile; fileRef = 81F690BF2AB3393F003B79E3 /* PushPresenter.swift */; };
		81F690C22AB3395F003B79E3 /* PushModuleInput.swift in Sources */ = {isa = PBXBuildFile; fileRef = 81F690C12AB3395F003B79E3 /* PushModuleInput.swift */; };
		81F690C42AB33975003B79E3 /* PushModuleOutput.swift in Sources */ = {isa = PBXBuildFile; fileRef = 81F690C32AB33975003B79E3 /* PushModuleOutput.swift */; };
		81F690C62AB33C5A003B79E3 /* PushViewController.swift in Sources */ = {isa = PBXBuildFile; fileRef = 81F690C52AB33C5A003B79E3 /* PushViewController.swift */; };
		81F690C82AB33C79003B79E3 /* PushViewInput.swift in Sources */ = {isa = PBXBuildFile; fileRef = 81F690C72AB33C79003B79E3 /* PushViewInput.swift */; };
		81F690CA2AB33C9D003B79E3 /* PushViewOutput.swift in Sources */ = {isa = PBXBuildFile; fileRef = 81F690C92AB33C9D003B79E3 /* PushViewOutput.swift */; };
		81F690CD2AB487C0003B79E3 /* ModuleTransitionable.swift in Sources */ = {isa = PBXBuildFile; fileRef = 81F690CC2AB487C0003B79E3 /* ModuleTransitionable.swift */; };
		81F690D32AB49314003B79E3 /* PresentViewController.swift in Sources */ = {isa = PBXBuildFile; fileRef = 81F690D22AB49314003B79E3 /* PresentViewController.swift */; };
		81F690D52AB49324003B79E3 /* PresentViewInput.swift in Sources */ = {isa = PBXBuildFile; fileRef = 81F690D42AB49324003B79E3 /* PresentViewInput.swift */; };
		81F690D72AB4933F003B79E3 /* PresentViewOutput.swift in Sources */ = {isa = PBXBuildFile; fileRef = 81F690D62AB4933F003B79E3 /* PresentViewOutput.swift */; };
		81F690D92AB4934F003B79E3 /* PresentPresenter.swift in Sources */ = {isa = PBXBuildFile; fileRef = 81F690D82AB4934F003B79E3 /* PresentPresenter.swift */; };
		81F690DB2AB49365003B79E3 /* PresentModuleInput.swift in Sources */ = {isa = PBXBuildFile; fileRef = 81F690DA2AB49365003B79E3 /* PresentModuleInput.swift */; };
		81F690DD2AB4937B003B79E3 /* PresentModuleOutput.swift in Sources */ = {isa = PBXBuildFile; fileRef = 81F690DC2AB4937B003B79E3 /* PresentModuleOutput.swift */; };
		81F690DF2AB4938E003B79E3 /* PresentRouter.swift in Sources */ = {isa = PBXBuildFile; fileRef = 81F690DE2AB4938E003B79E3 /* PresentRouter.swift */; };
		81F690E12AB493A0003B79E3 /* PresentRouterInput.swift in Sources */ = {isa = PBXBuildFile; fileRef = 81F690E02AB493A0003B79E3 /* PresentRouterInput.swift */; };
		81F690E32AB493B3003B79E3 /* PresentModuleConfigurator.swift in Sources */ = {isa = PBXBuildFile; fileRef = 81F690E22AB493B3003B79E3 /* PresentModuleConfigurator.swift */; };
/* End PBXBuildFile section */

/* Begin PBXFileReference section */
		8137EB972AB2E48600F02D16 /* SurfMVPTraining.app */ = {isa = PBXFileReference; explicitFileType = wrapper.application; includeInIndex = 0; path = SurfMVPTraining.app; sourceTree = BUILT_PRODUCTS_DIR; };
		8137EB9A2AB2E48600F02D16 /* AppDelegate.swift */ = {isa = PBXFileReference; lastKnownFileType = sourcecode.swift; path = AppDelegate.swift; sourceTree = "<group>"; };
		8137EB9C2AB2E48600F02D16 /* SceneDelegate.swift */ = {isa = PBXFileReference; lastKnownFileType = sourcecode.swift; path = SceneDelegate.swift; sourceTree = "<group>"; };
		8137EB9E2AB2E48600F02D16 /* MainViewController.swift */ = {isa = PBXFileReference; lastKnownFileType = sourcecode.swift; path = MainViewController.swift; sourceTree = "<group>"; };
		8137EBA32AB2E48600F02D16 /* Assets.xcassets */ = {isa = PBXFileReference; lastKnownFileType = folder.assetcatalog; path = Assets.xcassets; sourceTree = "<group>"; };
		8137EBA62AB2E48600F02D16 /* Base */ = {isa = PBXFileReference; lastKnownFileType = file.storyboard; name = Base; path = Base.lproj/LaunchScreen.storyboard; sourceTree = "<group>"; };
		8137EBB72AB2E96600F02D16 /* MainViewInput.swift */ = {isa = PBXFileReference; lastKnownFileType = sourcecode.swift; path = MainViewInput.swift; sourceTree = "<group>"; };
		8137EBB92AB2E97700F02D16 /* MainViewOutput.swift */ = {isa = PBXFileReference; lastKnownFileType = sourcecode.swift; path = MainViewOutput.swift; sourceTree = "<group>"; };
		8137EBBB2AB2E98800F02D16 /* MainPresenter.swift */ = {isa = PBXFileReference; lastKnownFileType = sourcecode.swift; path = MainPresenter.swift; sourceTree = "<group>"; };
		8137EBBD2AB2E99900F02D16 /* MainModuleInput.swift */ = {isa = PBXFileReference; lastKnownFileType = sourcecode.swift; path = MainModuleInput.swift; sourceTree = "<group>"; };
		8137EBBF2AB2E9B000F02D16 /* MainModuleOutput.swift */ = {isa = PBXFileReference; lastKnownFileType = sourcecode.swift; path = MainModuleOutput.swift; sourceTree = "<group>"; };
		8137EBC12AB2E9C500F02D16 /* MainModuleConfigurator.swift */ = {isa = PBXFileReference; lastKnownFileType = sourcecode.swift; path = MainModuleConfigurator.swift; sourceTree = "<group>"; };
		8137EBC32AB2E9D700F02D16 /* MainRouter.swift */ = {isa = PBXFileReference; lastKnownFileType = sourcecode.swift; path = MainRouter.swift; sourceTree = "<group>"; };
		8137EBC52AB2E9E600F02D16 /* MainRouterInput.swift */ = {isa = PBXFileReference; lastKnownFileType = sourcecode.swift; path = MainRouterInput.swift; sourceTree = "<group>"; };
		8137EBC92AB2EA2B00F02D16 /* MainPresenterModel.swift */ = {isa = PBXFileReference; lastKnownFileType = sourcecode.swift; path = MainPresenterModel.swift; sourceTree = "<group>"; };
		8144003F2AB32D9500AB9906 /* Base */ = {isa = PBXFileReference; lastKnownFileType = text.plist.xml; name = Base; path = Base.lproj/Info.plist; sourceTree = "<group>"; };
		81F690B92AB33902003B79E3 /* PushModuleConfigurator.swift */ = {isa = PBXFileReference; lastKnownFileType = sourcecode.swift; path = PushModuleConfigurator.swift; sourceTree = "<group>"; };
		81F690BB2AB33916003B79E3 /* PushRouterInput.swift */ = {isa = PBXFileReference; lastKnownFileType = sourcecode.swift; path = PushRouterInput.swift; sourceTree = "<group>"; };
		81F690BD2AB3392D003B79E3 /* PushRouter.swift */ = {isa = PBXFileReference; lastKnownFileType = sourcecode.swift; path = PushRouter.swift; sourceTree = "<group>"; };
		81F690BF2AB3393F003B79E3 /* PushPresenter.swift */ = {isa = PBXFileReference; lastKnownFileType = sourcecode.swift; path = PushPresenter.swift; sourceTree = "<group>"; };
		81F690C12AB3395F003B79E3 /* PushModuleInput.swift */ = {isa = PBXFileReference; lastKnownFileType = sourcecode.swift; path = PushModuleInput.swift; sourceTree = "<group>"; };
		81F690C32AB33975003B79E3 /* PushModuleOutput.swift */ = {isa = PBXFileReference; lastKnownFileType = sourcecode.swift; path = PushModuleOutput.swift; sourceTree = "<group>"; };
		81F690C52AB33C5A003B79E3 /* PushViewController.swift */ = {isa = PBXFileReference; lastKnownFileType = sourcecode.swift; path = PushViewController.swift; sourceTree = "<group>"; };
		81F690C72AB33C79003B79E3 /* PushViewInput.swift */ = {isa = PBXFileReference; lastKnownFileType = sourcecode.swift; path = PushViewInput.swift; sourceTree = "<group>"; };
		81F690C92AB33C9D003B79E3 /* PushViewOutput.swift */ = {isa = PBXFileReference; lastKnownFileType = sourcecode.swift; path = PushViewOutput.swift; sourceTree = "<group>"; };
		81F690CC2AB487C0003B79E3 /* ModuleTransitionable.swift */ = {isa = PBXFileReference; lastKnownFileType = sourcecode.swift; path = ModuleTransitionable.swift; sourceTree = "<group>"; };
		81F690D22AB49314003B79E3 /* PresentViewController.swift */ = {isa = PBXFileReference; lastKnownFileType = sourcecode.swift; path = PresentViewController.swift; sourceTree = "<group>"; };
		81F690D42AB49324003B79E3 /* PresentViewInput.swift */ = {isa = PBXFileReference; lastKnownFileType = sourcecode.swift; path = PresentViewInput.swift; sourceTree = "<group>"; };
		81F690D62AB4933F003B79E3 /* PresentViewOutput.swift */ = {isa = PBXFileReference; lastKnownFileType = sourcecode.swift; path = PresentViewOutput.swift; sourceTree = "<group>"; };
		81F690D82AB4934F003B79E3 /* PresentPresenter.swift */ = {isa = PBXFileReference; lastKnownFileType = sourcecode.swift; path = PresentPresenter.swift; sourceTree = "<group>"; };
		81F690DA2AB49365003B79E3 /* PresentModuleInput.swift */ = {isa = PBXFileReference; lastKnownFileType = sourcecode.swift; path = PresentModuleInput.swift; sourceTree = "<group>"; };
		81F690DC2AB4937B003B79E3 /* PresentModuleOutput.swift */ = {isa = PBXFileReference; lastKnownFileType = sourcecode.swift; path = PresentModuleOutput.swift; sourceTree = "<group>"; };
		81F690DE2AB4938E003B79E3 /* PresentRouter.swift */ = {isa = PBXFileReference; lastKnownFileType = sourcecode.swift; path = PresentRouter.swift; sourceTree = "<group>"; };
		81F690E02AB493A0003B79E3 /* PresentRouterInput.swift */ = {isa = PBXFileReference; lastKnownFileType = sourcecode.swift; path = PresentRouterInput.swift; sourceTree = "<group>"; };
		81F690E22AB493B3003B79E3 /* PresentModuleConfigurator.swift */ = {isa = PBXFileReference; lastKnownFileType = sourcecode.swift; path = PresentModuleConfigurator.swift; sourceTree = "<group>"; };
/* End PBXFileReference section */

/* Begin PBXFrameworksBuildPhase section */
		8137EB942AB2E48600F02D16 /* Frameworks */ = {
			isa = PBXFrameworksBuildPhase;
			buildActionMask = 2147483647;
			files = (
			);
			runOnlyForDeploymentPostprocessing = 0;
		};
/* End PBXFrameworksBuildPhase section */

/* Begin PBXGroup section */
		8137EB8E2AB2E48600F02D16 = {
			isa = PBXGroup;
			children = (
				8137EB992AB2E48600F02D16 /* SurfMVPTraining */,
				8137EB982AB2E48600F02D16 /* Products */,
			);
			sourceTree = "<group>";
		};
		8137EB982AB2E48600F02D16 /* Products */ = {
			isa = PBXGroup;
			children = (
				8137EB972AB2E48600F02D16 /* SurfMVPTraining.app */,
			);
			name = Products;
			sourceTree = "<group>";
		};
		8137EB992AB2E48600F02D16 /* SurfMVPTraining */ = {
			isa = PBXGroup;
			children = (
				8137EBAE2AB2E6CB00F02D16 /* Application */,
				81F690CB2AB4871E003B79E3 /* Support */,
				8137EBB12AB2E84400F02D16 /* Screens */,
			);
			path = SurfMVPTraining;
			sourceTree = "<group>";
		};
		8137EBAE2AB2E6CB00F02D16 /* Application */ = {
			isa = PBXGroup;
			children = (
				8137EBAF2AB2E6E100F02D16 /* Info */,
				8137EBB02AB2E6F600F02D16 /* Images */,
				8137EB9A2AB2E48600F02D16 /* AppDelegate.swift */,
				8137EB9C2AB2E48600F02D16 /* SceneDelegate.swift */,
				8137EBA52AB2E48600F02D16 /* LaunchScreen.storyboard */,
			);
			path = Application;
			sourceTree = "<group>";
		};
		8137EBAF2AB2E6E100F02D16 /* Info */ = {
			isa = PBXGroup;
			children = (
				814400402AB32D9500AB9906 /* Info.plist */,
			);
			path = Info;
			sourceTree = "<group>";
		};
		8137EBB02AB2E6F600F02D16 /* Images */ = {
			isa = PBXGroup;
			children = (
				8137EBA32AB2E48600F02D16 /* Assets.xcassets */,
			);
			path = Images;
			sourceTree = "<group>";
		};
		8137EBB12AB2E84400F02D16 /* Screens */ = {
			isa = PBXGroup;
			children = (
				8137EBB22AB2E86000F02D16 /* Main */,
				81F690B32AB3382D003B79E3 /* Push */,
				81F690B42AB3385D003B79E3 /* Present */,
			);
			path = Screens;
			sourceTree = "<group>";
		};
		8137EBB22AB2E86000F02D16 /* Main */ = {
			isa = PBXGroup;
			children = (
				8137EBB32AB2E87C00F02D16 /* Configurator */,
				8137EBB42AB2E89100F02D16 /* Router */,
				8137EBB52AB2E8A400F02D16 /* Presenter */,
				8137EBB62AB2E8BF00F02D16 /* View */,
			);
			path = Main;
			sourceTree = "<group>";
		};
		8137EBB32AB2E87C00F02D16 /* Configurator */ = {
			isa = PBXGroup;
			children = (
				8137EBC12AB2E9C500F02D16 /* MainModuleConfigurator.swift */,
			);
			path = Configurator;
			sourceTree = "<group>";
		};
		8137EBB42AB2E89100F02D16 /* Router */ = {
			isa = PBXGroup;
			children = (
				8137EBC32AB2E9D700F02D16 /* MainRouter.swift */,
				8137EBC52AB2E9E600F02D16 /* MainRouterInput.swift */,
			);
			path = Router;
			sourceTree = "<group>";
		};
		8137EBB52AB2E8A400F02D16 /* Presenter */ = {
			isa = PBXGroup;
			children = (
				8137EBC72AB2EA0300F02D16 /* Support */,
				8137EBBB2AB2E98800F02D16 /* MainPresenter.swift */,
				8137EBBD2AB2E99900F02D16 /* MainModuleInput.swift */,
				8137EBBF2AB2E9B000F02D16 /* MainModuleOutput.swift */,
			);
			path = Presenter;
			sourceTree = "<group>";
		};
		8137EBB62AB2E8BF00F02D16 /* View */ = {
			isa = PBXGroup;
			children = (
				8137EB9E2AB2E48600F02D16 /* MainViewController.swift */,
				8137EBB72AB2E96600F02D16 /* MainViewInput.swift */,
				8137EBB92AB2E97700F02D16 /* MainViewOutput.swift */,
			);
			path = View;
			sourceTree = "<group>";
		};
		8137EBC72AB2EA0300F02D16 /* Support */ = {
			isa = PBXGroup;
			children = (
				8137EBC82AB2EA1600F02D16 /* Model */,
			);
			path = Support;
			sourceTree = "<group>";
		};
		8137EBC82AB2EA1600F02D16 /* Model */ = {
			isa = PBXGroup;
			children = (
				8137EBC92AB2EA2B00F02D16 /* MainPresenterModel.swift */,
			);
			path = Model;
			sourceTree = "<group>";
		};
		81F690B32AB3382D003B79E3 /* Push */ = {
			isa = PBXGroup;
			children = (
				81F690B82AB338E6003B79E3 /* Configurator */,
				81F690B72AB338DE003B79E3 /* Router */,
				81F690B62AB338D5003B79E3 /* Presenter */,
				81F690B52AB338CD003B79E3 /* View */,
			);
			path = Push;
			sourceTree = "<group>";
		};
		81F690B42AB3385D003B79E3 /* Present */ = {
			isa = PBXGroup;
			children = (
				81F690D12AB492BA003B79E3 /* Configurator */,
				81F690D02AB492B8003B79E3 /* Router */,
				81F690CF2AB492B0003B79E3 /* Presenter */,
				81F690CE2AB492AD003B79E3 /* View */,
			);
			path = Present;
			sourceTree = "<group>";
		};
		81F690B52AB338CD003B79E3 /* View */ = {
			isa = PBXGroup;
			children = (
				81F690C52AB33C5A003B79E3 /* PushViewController.swift */,
				81F690C72AB33C79003B79E3 /* PushViewInput.swift */,
				81F690C92AB33C9D003B79E3 /* PushViewOutput.swift */,
			);
			path = View;
			sourceTree = "<group>";
		};
		81F690B62AB338D5003B79E3 /* Presenter */ = {
			isa = PBXGroup;
			children = (
				81F690BF2AB3393F003B79E3 /* PushPresenter.swift */,
				81F690C12AB3395F003B79E3 /* PushModuleInput.swift */,
				81F690C32AB33975003B79E3 /* PushModuleOutput.swift */,
			);
			path = Presenter;
			sourceTree = "<group>";
		};
		81F690B72AB338DE003B79E3 /* Router */ = {
			isa = PBXGroup;
			children = (
				81F690BD2AB3392D003B79E3 /* PushRouter.swift */,
				81F690BB2AB33916003B79E3 /* PushRouterInput.swift */,
			);
			path = Router;
			sourceTree = "<group>";
		};
		81F690B82AB338E6003B79E3 /* Configurator */ = {
			isa = PBXGroup;
			children = (
				81F690B92AB33902003B79E3 /* PushModuleConfigurator.swift */,
			);
			path = Configurator;
			sourceTree = "<group>";
		};
		81F690CB2AB4871E003B79E3 /* Support */ = {
			isa = PBXGroup;
			children = (
				81F690CC2AB487C0003B79E3 /* ModuleTransitionable.swift */,
			);
			path = Support;
			sourceTree = "<group>";
		};
		81F690CE2AB492AD003B79E3 /* View */ = {
			isa = PBXGroup;
			children = (
				81F690D22AB49314003B79E3 /* PresentViewController.swift */,
				81F690D42AB49324003B79E3 /* PresentViewInput.swift */,
				81F690D62AB4933F003B79E3 /* PresentViewOutput.swift */,
			);
			path = View;
			sourceTree = "<group>";
		};
		81F690CF2AB492B0003B79E3 /* Presenter */ = {
			isa = PBXGroup;
			children = (
				81F690D82AB4934F003B79E3 /* PresentPresenter.swift */,
				81F690DA2AB49365003B79E3 /* PresentModuleInput.swift */,
				81F690DC2AB4937B003B79E3 /* PresentModuleOutput.swift */,
			);
			path = Presenter;
			sourceTree = "<group>";
		};
		81F690D02AB492B8003B79E3 /* Router */ = {
			isa = PBXGroup;
			children = (
				81F690DE2AB4938E003B79E3 /* PresentRouter.swift */,
				81F690E02AB493A0003B79E3 /* PresentRouterInput.swift */,
			);
			path = Router;
			sourceTree = "<group>";
		};
		81F690D12AB492BA003B79E3 /* Configurator */ = {
			isa = PBXGroup;
			children = (
				81F690E22AB493B3003B79E3 /* PresentModuleConfigurator.swift */,
			);
			path = Configurator;
			sourceTree = "<group>";
		};
/* End PBXGroup section */

/* Begin PBXNativeTarget section */
		8137EB962AB2E48600F02D16 /* SurfMVPTraining */ = {
			isa = PBXNativeTarget;
			buildConfigurationList = 8137EBAB2AB2E48600F02D16 /* Build configuration list for PBXNativeTarget "SurfMVPTraining" */;
			buildPhases = (
				8137EB932AB2E48600F02D16 /* Sources */,
				8137EB942AB2E48600F02D16 /* Frameworks */,
				8137EB952AB2E48600F02D16 /* Resources */,
			);
			buildRules = (
			);
			dependencies = (
			);
			name = SurfMVPTraining;
			productName = SurfMVPTraining;
			productReference = 8137EB972AB2E48600F02D16 /* SurfMVPTraining.app */;
			productType = "com.apple.product-type.application";
		};
/* End PBXNativeTarget section */

/* Begin PBXProject section */
		8137EB8F2AB2E48600F02D16 /* Project object */ = {
			isa = PBXProject;
			attributes = {
				BuildIndependentTargetsInParallel = 1;
				LastSwiftUpdateCheck = 1420;
				LastUpgradeCheck = 1420;
				TargetAttributes = {
					8137EB962AB2E48600F02D16 = {
						CreatedOnToolsVersion = 14.2;
					};
				};
			};
			buildConfigurationList = 8137EB922AB2E48600F02D16 /* Build configuration list for PBXProject "SurfMVPTraining" */;
			compatibilityVersion = "Xcode 14.0";
			developmentRegion = en;
			hasScannedForEncodings = 0;
			knownRegions = (
				en,
				Base,
			);
			mainGroup = 8137EB8E2AB2E48600F02D16;
			productRefGroup = 8137EB982AB2E48600F02D16 /* Products */;
			projectDirPath = "";
			projectRoot = "";
			targets = (
				8137EB962AB2E48600F02D16 /* SurfMVPTraining */,
			);
		};
/* End PBXProject section */

/* Begin PBXResourcesBuildPhase section */
		8137EB952AB2E48600F02D16 /* Resources */ = {
			isa = PBXResourcesBuildPhase;
			buildActionMask = 2147483647;
			files = (
				8137EBA72AB2E48600F02D16 /* LaunchScreen.storyboard in Resources */,
				8137EBA42AB2E48600F02D16 /* Assets.xcassets in Resources */,
			);
			runOnlyForDeploymentPostprocessing = 0;
		};
/* End PBXResourcesBuildPhase section */

/* Begin PBXSourcesBuildPhase section */
		8137EB932AB2E48600F02D16 /* Sources */ = {
			isa = PBXSourcesBuildPhase;
			buildActionMask = 2147483647;
			files = (
				81F690CD2AB487C0003B79E3 /* ModuleTransitionable.swift in Sources */,
				8137EB9F2AB2E48600F02D16 /* MainViewController.swift in Sources */,
				81F690C62AB33C5A003B79E3 /* PushViewController.swift in Sources */,
				8137EBBC2AB2E98800F02D16 /* MainPresenter.swift in Sources */,
				81F690C42AB33975003B79E3 /* PushModuleOutput.swift in Sources */,
				81F690D52AB49324003B79E3 /* PresentViewInput.swift in Sources */,
				81F690BE2AB3392D003B79E3 /* PushRouter.swift in Sources */,
				8137EBBA2AB2E97700F02D16 /* MainViewOutput.swift in Sources */,
				81F690CA2AB33C9D003B79E3 /* PushViewOutput.swift in Sources */,
				8137EB9B2AB2E48600F02D16 /* AppDelegate.swift in Sources */,
				8137EBB82AB2E96600F02D16 /* MainViewInput.swift in Sources */,
				81F690C22AB3395F003B79E3 /* PushModuleInput.swift in Sources */,
				81F690DF2AB4938E003B79E3 /* PresentRouter.swift in Sources */,
				81F690DD2AB4937B003B79E3 /* PresentModuleOutput.swift in Sources */,
				81F690C02AB3393F003B79E3 /* PushPresenter.swift in Sources */,
				81F690BA2AB33902003B79E3 /* PushModuleConfigurator.swift in Sources */,
				81F690D32AB49314003B79E3 /* PresentViewController.swift in Sources */,
				81F690E12AB493A0003B79E3 /* PresentRouterInput.swift in Sources */,
				8137EBC42AB2E9D700F02D16 /* MainRouter.swift in Sources */,
				8137EBC02AB2E9B000F02D16 /* MainModuleOutput.swift in Sources */,
				81F690C82AB33C79003B79E3 /* PushViewInput.swift in Sources */,
				81F690E32AB493B3003B79E3 /* PresentModuleConfigurator.swift in Sources */,
				8137EBC22AB2E9C500F02D16 /* MainModuleConfigurator.swift in Sources */,
				8137EB9D2AB2E48600F02D16 /* SceneDelegate.swift in Sources */,
				81F690D92AB4934F003B79E3 /* PresentPresenter.swift in Sources */,
				8137EBCA2AB2EA2B00F02D16 /* MainPresenterModel.swift in Sources */,
				81F690D72AB4933F003B79E3 /* PresentViewOutput.swift in Sources */,
				8137EBC62AB2E9E600F02D16 /* MainRouterInput.swift in Sources */,
				81F690DB2AB49365003B79E3 /* PresentModuleInput.swift in Sources */,
				8137EBBE2AB2E99900F02D16 /* MainModuleInput.swift in Sources */,
				81F690BC2AB33916003B79E3 /* PushRouterInput.swift in Sources */,
			);
			runOnlyForDeploymentPostprocessing = 0;
		};
/* End PBXSourcesBuildPhase section */

/* Begin PBXVariantGroup section */
		8137EBA52AB2E48600F02D16 /* LaunchScreen.storyboard */ = {
			isa = PBXVariantGroup;
			children = (
				8137EBA62AB2E48600F02D16 /* Base */,
			);
			name = LaunchScreen.storyboard;
			sourceTree = "<group>";
		};
		814400402AB32D9500AB9906 /* Info.plist */ = {
			isa = PBXVariantGroup;
			children = (
				8144003F2AB32D9500AB9906 /* Base */,
			);
			name = Info.plist;
			sourceTree = "<group>";
		};
/* End PBXVariantGroup section */

/* Begin XCBuildConfiguration section */
		8137EBA92AB2E48600F02D16 /* Debug */ = {
			isa = XCBuildConfiguration;
			buildSettings = {
				ALWAYS_SEARCH_USER_PATHS = NO;
				CLANG_ANALYZER_NONNULL = YES;
				CLANG_ANALYZER_NUMBER_OBJECT_CONVERSION = YES_AGGRESSIVE;
				CLANG_CXX_LANGUAGE_STANDARD = "gnu++20";
				CLANG_ENABLE_MODULES = YES;
				CLANG_ENABLE_OBJC_ARC = YES;
				CLANG_ENABLE_OBJC_WEAK = YES;
				CLANG_WARN_BLOCK_CAPTURE_AUTORELEASING = YES;
				CLANG_WARN_BOOL_CONVERSION = YES;
				CLANG_WARN_COMMA = YES;
				CLANG_WARN_CONSTANT_CONVERSION = YES;
				CLANG_WARN_DEPRECATED_OBJC_IMPLEMENTATIONS = YES;
				CLANG_WARN_DIRECT_OBJC_ISA_USAGE = YES_ERROR;
				CLANG_WARN_DOCUMENTATION_COMMENTS = YES;
				CLANG_WARN_EMPTY_BODY = YES;
				CLANG_WARN_ENUM_CONVERSION = YES;
				CLANG_WARN_INFINITE_RECURSION = YES;
				CLANG_WARN_INT_CONVERSION = YES;
				CLANG_WARN_NON_LITERAL_NULL_CONVERSION = YES;
				CLANG_WARN_OBJC_IMPLICIT_RETAIN_SELF = YES;
				CLANG_WARN_OBJC_LITERAL_CONVERSION = YES;
				CLANG_WARN_OBJC_ROOT_CLASS = YES_ERROR;
				CLANG_WARN_QUOTED_INCLUDE_IN_FRAMEWORK_HEADER = YES;
				CLANG_WARN_RANGE_LOOP_ANALYSIS = YES;
				CLANG_WARN_STRICT_PROTOTYPES = YES;
				CLANG_WARN_SUSPICIOUS_MOVE = YES;
				CLANG_WARN_UNGUARDED_AVAILABILITY = YES_AGGRESSIVE;
				CLANG_WARN_UNREACHABLE_CODE = YES;
				CLANG_WARN__DUPLICATE_METHOD_MATCH = YES;
				COPY_PHASE_STRIP = NO;
				DEBUG_INFORMATION_FORMAT = dwarf;
				ENABLE_STRICT_OBJC_MSGSEND = YES;
				ENABLE_TESTABILITY = YES;
				GCC_C_LANGUAGE_STANDARD = gnu11;
				GCC_DYNAMIC_NO_PIC = NO;
				GCC_NO_COMMON_BLOCKS = YES;
				GCC_OPTIMIZATION_LEVEL = 0;
				GCC_PREPROCESSOR_DEFINITIONS = (
					"DEBUG=1",
					"$(inherited)",
				);
				GCC_WARN_64_TO_32_BIT_CONVERSION = YES;
				GCC_WARN_ABOUT_RETURN_TYPE = YES_ERROR;
				GCC_WARN_UNDECLARED_SELECTOR = YES;
				GCC_WARN_UNINITIALIZED_AUTOS = YES_AGGRESSIVE;
				GCC_WARN_UNUSED_FUNCTION = YES;
				GCC_WARN_UNUSED_VARIABLE = YES;
				IPHONEOS_DEPLOYMENT_TARGET = 16.2;
				MTL_ENABLE_DEBUG_INFO = INCLUDE_SOURCE;
				MTL_FAST_MATH = YES;
				ONLY_ACTIVE_ARCH = YES;
				SDKROOT = iphoneos;
				SWIFT_ACTIVE_COMPILATION_CONDITIONS = DEBUG;
				SWIFT_OPTIMIZATION_LEVEL = "-Onone";
			};
			name = Debug;
		};
		8137EBAA2AB2E48600F02D16 /* Release */ = {
			isa = XCBuildConfiguration;
			buildSettings = {
				ALWAYS_SEARCH_USER_PATHS = NO;
				CLANG_ANALYZER_NONNULL = YES;
				CLANG_ANALYZER_NUMBER_OBJECT_CONVERSION = YES_AGGRESSIVE;
				CLANG_CXX_LANGUAGE_STANDARD = "gnu++20";
				CLANG_ENABLE_MODULES = YES;
				CLANG_ENABLE_OBJC_ARC = YES;
				CLANG_ENABLE_OBJC_WEAK = YES;
				CLANG_WARN_BLOCK_CAPTURE_AUTORELEASING = YES;
				CLANG_WARN_BOOL_CONVERSION = YES;
				CLANG_WARN_COMMA = YES;
				CLANG_WARN_CONSTANT_CONVERSION = YES;
				CLANG_WARN_DEPRECATED_OBJC_IMPLEMENTATIONS = YES;
				CLANG_WARN_DIRECT_OBJC_ISA_USAGE = YES_ERROR;
				CLANG_WARN_DOCUMENTATION_COMMENTS = YES;
				CLANG_WARN_EMPTY_BODY = YES;
				CLANG_WARN_ENUM_CONVERSION = YES;
				CLANG_WARN_INFINITE_RECURSION = YES;
				CLANG_WARN_INT_CONVERSION = YES;
				CLANG_WARN_NON_LITERAL_NULL_CONVERSION = YES;
				CLANG_WARN_OBJC_IMPLICIT_RETAIN_SELF = YES;
				CLANG_WARN_OBJC_LITERAL_CONVERSION = YES;
				CLANG_WARN_OBJC_ROOT_CLASS = YES_ERROR;
				CLANG_WARN_QUOTED_INCLUDE_IN_FRAMEWORK_HEADER = YES;
				CLANG_WARN_RANGE_LOOP_ANALYSIS = YES;
				CLANG_WARN_STRICT_PROTOTYPES = YES;
				CLANG_WARN_SUSPICIOUS_MOVE = YES;
				CLANG_WARN_UNGUARDED_AVAILABILITY = YES_AGGRESSIVE;
				CLANG_WARN_UNREACHABLE_CODE = YES;
				CLANG_WARN__DUPLICATE_METHOD_MATCH = YES;
				COPY_PHASE_STRIP = NO;
				DEBUG_INFORMATION_FORMAT = "dwarf-with-dsym";
				ENABLE_NS_ASSERTIONS = NO;
				ENABLE_STRICT_OBJC_MSGSEND = YES;
				GCC_C_LANGUAGE_STANDARD = gnu11;
				GCC_NO_COMMON_BLOCKS = YES;
				GCC_WARN_64_TO_32_BIT_CONVERSION = YES;
				GCC_WARN_ABOUT_RETURN_TYPE = YES_ERROR;
				GCC_WARN_UNDECLARED_SELECTOR = YES;
				GCC_WARN_UNINITIALIZED_AUTOS = YES_AGGRESSIVE;
				GCC_WARN_UNUSED_FUNCTION = YES;
				GCC_WARN_UNUSED_VARIABLE = YES;
				IPHONEOS_DEPLOYMENT_TARGET = 16.2;
				MTL_ENABLE_DEBUG_INFO = NO;
				MTL_FAST_MATH = YES;
				SDKROOT = iphoneos;
				SWIFT_COMPILATION_MODE = wholemodule;
				SWIFT_OPTIMIZATION_LEVEL = "-O";
				VALIDATE_PRODUCT = YES;
			};
			name = Release;
		};
		8137EBAC2AB2E48600F02D16 /* Debug */ = {
			isa = XCBuildConfiguration;
			buildSettings = {
				ASSETCATALOG_COMPILER_APPICON_NAME = AppIcon;
				ASSETCATALOG_COMPILER_GLOBAL_ACCENT_COLOR_NAME = AccentColor;
				CODE_SIGN_STYLE = Automatic;
				CURRENT_PROJECT_VERSION = 1;
				DEVELOPMENT_TEAM = NDWW33V3F9;
				GENERATE_INFOPLIST_FILE = YES;
				INFOPLIST_FILE = SurfMVPTraining/Application/Info/Info.plist;
				INFOPLIST_KEY_UIApplicationSupportsIndirectInputEvents = YES;
				INFOPLIST_KEY_UILaunchStoryboardName = LaunchScreen;
				INFOPLIST_KEY_UISupportedInterfaceOrientations_iPad = "UIInterfaceOrientationPortrait UIInterfaceOrientationPortraitUpsideDown UIInterfaceOrientationLandscapeLeft UIInterfaceOrientationLandscapeRight";
				INFOPLIST_KEY_UISupportedInterfaceOrientations_iPhone = "UIInterfaceOrientationPortrait UIInterfaceOrientationLandscapeLeft UIInterfaceOrientationLandscapeRight";
				LD_RUNPATH_SEARCH_PATHS = (
					"$(inherited)",
					"@executable_path/Frameworks",
				);
				MARKETING_VERSION = 1.0;
				PRODUCT_BUNDLE_IDENTIFIER = Tyshkan4ik.SurfMVPTraining;
				PRODUCT_NAME = "$(TARGET_NAME)";
				SWIFT_EMIT_LOC_STRINGS = YES;
				SWIFT_VERSION = 5.0;
				TARGETED_DEVICE_FAMILY = "1,2";
			};
			name = Debug;
		};
		8137EBAD2AB2E48600F02D16 /* Release */ = {
			isa = XCBuildConfiguration;
			buildSettings = {
				ASSETCATALOG_COMPILER_APPICON_NAME = AppIcon;
				ASSETCATALOG_COMPILER_GLOBAL_ACCENT_COLOR_NAME = AccentColor;
				CODE_SIGN_STYLE = Automatic;
				CURRENT_PROJECT_VERSION = 1;
				DEVELOPMENT_TEAM = NDWW33V3F9;
				GENERATE_INFOPLIST_FILE = YES;
				INFOPLIST_FILE = SurfMVPTraining/Application/Info/Info.plist;
				INFOPLIST_KEY_UIApplicationSupportsIndirectInputEvents = YES;
				INFOPLIST_KEY_UILaunchStoryboardName = LaunchScreen;
				INFOPLIST_KEY_UISupportedInterfaceOrientations_iPad = "UIInterfaceOrientationPortrait UIInterfaceOrientationPortraitUpsideDown UIInterfaceOrientationLandscapeLeft UIInterfaceOrientationLandscapeRight";
				INFOPLIST_KEY_UISupportedInterfaceOrientations_iPhone = "UIInterfaceOrientationPortrait UIInterfaceOrientationLandscapeLeft UIInterfaceOrientationLandscapeRight";
				LD_RUNPATH_SEARCH_PATHS = (
					"$(inherited)",
					"@executable_path/Frameworks",
				);
				MARKETING_VERSION = 1.0;
				PRODUCT_BUNDLE_IDENTIFIER = Tyshkan4ik.SurfMVPTraining;
				PRODUCT_NAME = "$(TARGET_NAME)";
				SWIFT_EMIT_LOC_STRINGS = YES;
				SWIFT_VERSION = 5.0;
				TARGETED_DEVICE_FAMILY = "1,2";
			};
			name = Release;
		};
/* End XCBuildConfiguration section */

/* Begin XCConfigurationList section */
		8137EB922AB2E48600F02D16 /* Build configuration list for PBXProject "SurfMVPTraining" */ = {
			isa = XCConfigurationList;
			buildConfigurations = (
				8137EBA92AB2E48600F02D16 /* Debug */,
				8137EBAA2AB2E48600F02D16 /* Release */,
			);
			defaultConfigurationIsVisible = 0;
			defaultConfigurationName = Release;
		};
		8137EBAB2AB2E48600F02D16 /* Build configuration list for PBXNativeTarget "SurfMVPTraining" */ = {
			isa = XCConfigurationList;
			buildConfigurations = (
				8137EBAC2AB2E48600F02D16 /* Debug */,
				8137EBAD2AB2E48600F02D16 /* Release */,
			);
			defaultConfigurationIsVisible = 0;
			defaultConfigurationName = Release;
		};
/* End XCConfigurationList section */
	};
	rootObject = 8137EB8F2AB2E48600F02D16 /* Project object */;
}
